// !$*UTF8*$!
{
	archiveVersion = 1;
	classes = {
	};
	objectVersion = 56;
	objects = {

/* Begin PBXBuildFile section */
		D42561162ADAB020000AD80E /* AppDelegate.swift in Sources */ = {isa = PBXBuildFile; fileRef = D42561152ADAB020000AD80E /* AppDelegate.swift */; };
		D42561182ADAB020000AD80E /* SceneDelegate.swift in Sources */ = {isa = PBXBuildFile; fileRef = D42561172ADAB020000AD80E /* SceneDelegate.swift */; };
		D425611A2ADAB020000AD80E /* CategoryViewController.swift in Sources */ = {isa = PBXBuildFile; fileRef = D42561192ADAB020000AD80E /* CategoryViewController.swift */; };
		D425611D2ADAB020000AD80E /* Main.storyboard in Resources */ = {isa = PBXBuildFile; fileRef = D425611B2ADAB020000AD80E /* Main.storyboard */; };
		D42561202ADAB020000AD80E /* Habit_Tracker.xcdatamodeld in Sources */ = {isa = PBXBuildFile; fileRef = D425611E2ADAB020000AD80E /* Habit_Tracker.xcdatamodeld */; };
		D42561222ADAB022000AD80E /* Assets.xcassets in Resources */ = {isa = PBXBuildFile; fileRef = D42561212ADAB022000AD80E /* Assets.xcassets */; };
		D42561252ADAB022000AD80E /* LaunchScreen.storyboard in Resources */ = {isa = PBXBuildFile; fileRef = D42561232ADAB022000AD80E /* LaunchScreen.storyboard */; };
		D425613C2ADAB685000AD80E /* ItemController.swift in Sources */ = {isa = PBXBuildFile; fileRef = D425613B2ADAB685000AD80E /* ItemController.swift */; };
		D4538F062ADEB0E100698752 /* AddController.swift in Sources */ = {isa = PBXBuildFile; fileRef = D4538F052ADEB0E100698752 /* AddController.swift */; };
/* End PBXBuildFile section */

/* Begin PBXFileReference section */
		D42561122ADAB020000AD80E /* Habit Tracker.app */ = {isa = PBXFileReference; explicitFileType = wrapper.application; includeInIndex = 0; path = "Habit Tracker.app"; sourceTree = BUILT_PRODUCTS_DIR; };
		D42561152ADAB020000AD80E /* AppDelegate.swift */ = {isa = PBXFileReference; lastKnownFileType = sourcecode.swift; path = AppDelegate.swift; sourceTree = "<group>"; };
		D42561172ADAB020000AD80E /* SceneDelegate.swift */ = {isa = PBXFileReference; lastKnownFileType = sourcecode.swift; path = SceneDelegate.swift; sourceTree = "<group>"; };
		D42561192ADAB020000AD80E /* CategoryViewController.swift */ = {isa = PBXFileReference; lastKnownFileType = sourcecode.swift; path = CategoryViewController.swift; sourceTree = "<group>"; };
		D425611C2ADAB020000AD80E /* Base */ = {isa = PBXFileReference; lastKnownFileType = file.storyboard; name = Base; path = Base.lproj/Main.storyboard; sourceTree = "<group>"; };
		D425611F2ADAB020000AD80E /* Habit_Tracker.xcdatamodel */ = {isa = PBXFileReference; lastKnownFileType = wrapper.xcdatamodel; path = Habit_Tracker.xcdatamodel; sourceTree = "<group>"; };
		D42561212ADAB022000AD80E /* Assets.xcassets */ = {isa = PBXFileReference; lastKnownFileType = folder.assetcatalog; path = Assets.xcassets; sourceTree = "<group>"; };
		D42561242ADAB022000AD80E /* Base */ = {isa = PBXFileReference; lastKnownFileType = file.storyboard; name = Base; path = Base.lproj/LaunchScreen.storyboard; sourceTree = "<group>"; };
		D42561262ADAB022000AD80E /* Info.plist */ = {isa = PBXFileReference; lastKnownFileType = text.plist.xml; path = Info.plist; sourceTree = "<group>"; };
		D425613B2ADAB685000AD80E /* ItemController.swift */ = {isa = PBXFileReference; lastKnownFileType = sourcecode.swift; path = ItemController.swift; sourceTree = "<group>"; };
		D4538F052ADEB0E100698752 /* AddController.swift */ = {isa = PBXFileReference; lastKnownFileType = sourcecode.swift; path = AddController.swift; sourceTree = "<group>"; };
/* End PBXFileReference section */

/* Begin PBXFrameworksBuildPhase section */
		D425610F2ADAB020000AD80E /* Frameworks */ = {
			isa = PBXFrameworksBuildPhase;
			buildActionMask = 2147483647;
			files = (
			);
			runOnlyForDeploymentPostprocessing = 0;
		};
/* End PBXFrameworksBuildPhase section */

/* Begin PBXGroup section */
		D42561092ADAB020000AD80E = {
			isa = PBXGroup;
			children = (
				D42561142ADAB020000AD80E /* Habit Tracker */,
				D42561132ADAB020000AD80E /* Products */,
			);
			sourceTree = "<group>";
		};
		D42561132ADAB020000AD80E /* Products */ = {
			isa = PBXGroup;
			children = (
				D42561122ADAB020000AD80E /* Habit Tracker.app */,
			);
			name = Products;
			sourceTree = "<group>";
		};
		D42561142ADAB020000AD80E /* Habit Tracker */ = {
			isa = PBXGroup;
			children = (
				D42561152ADAB020000AD80E /* AppDelegate.swift */,
				D42561172ADAB020000AD80E /* SceneDelegate.swift */,
				D425612E2ADAB268000AD80E /* Model */,
				D425612C2ADAB258000AD80E /* View */,
				D425612D2ADAB25E000AD80E /* Controller */,
				D42561212ADAB022000AD80E /* Assets.xcassets */,
				D42561232ADAB022000AD80E /* LaunchScreen.storyboard */,
				D42561262ADAB022000AD80E /* Info.plist */,
			);
			path = "Habit Tracker";
			sourceTree = "<group>";
		};
		D425612C2ADAB258000AD80E /* View */ = {
			isa = PBXGroup;
			children = (
				D425611B2ADAB020000AD80E /* Main.storyboard */,
			);
			path = View;
			sourceTree = "<group>";
		};
		D425612D2ADAB25E000AD80E /* Controller */ = {
			isa = PBXGroup;
			children = (
				D42561192ADAB020000AD80E /* CategoryViewController.swift */,
				D425613B2ADAB685000AD80E /* ItemController.swift */,
				D4538F052ADEB0E100698752 /* AddController.swift */,
			);
			path = Controller;
			sourceTree = "<group>";
		};
		D425612E2ADAB268000AD80E /* Model */ = {
			isa = PBXGroup;
			children = (
				D425611E2ADAB020000AD80E /* Habit_Tracker.xcdatamodeld */,
			);
			path = Model;
			sourceTree = "<group>";
		};
/* End PBXGroup section */

/* Begin PBXNativeTarget section */
		D42561112ADAB020000AD80E /* Habit Tracker */ = {
			isa = PBXNativeTarget;
			buildConfigurationList = D42561292ADAB022000AD80E /* Build configuration list for PBXNativeTarget "Habit Tracker" */;
			buildPhases = (
				D425610E2ADAB020000AD80E /* Sources */,
				D425610F2ADAB020000AD80E /* Frameworks */,
				D42561102ADAB020000AD80E /* Resources */,
			);
			buildRules = (
			);
			dependencies = (
			);
			name = "Habit Tracker";
			productName = "Habit Tracker";
			productReference = D42561122ADAB020000AD80E /* Habit Tracker.app */;
			productType = "com.apple.product-type.application";
		};
/* End PBXNativeTarget section */

/* Begin PBXProject section */
		D425610A2ADAB020000AD80E /* Project object */ = {
			isa = PBXProject;
			attributes = {
				BuildIndependentTargetsInParallel = 1;
				LastSwiftUpdateCheck = 1500;
				LastUpgradeCheck = 1500;
				TargetAttributes = {
					D42561112ADAB020000AD80E = {
						CreatedOnToolsVersion = 15.0;
					};
				};
			};
			buildConfigurationList = D425610D2ADAB020000AD80E /* Build configuration list for PBXProject "Habit Tracker" */;
			compatibilityVersion = "Xcode 14.0";
			developmentRegion = en;
			hasScannedForEncodings = 0;
			knownRegions = (
				en,
				Base,
			);
			mainGroup = D42561092ADAB020000AD80E;
			productRefGroup = D42561132ADAB020000AD80E /* Products */;
			projectDirPath = "";
			projectRoot = "";
			targets = (
				D42561112ADAB020000AD80E /* Habit Tracker */,
			);
		};
/* End PBXProject section */

/* Begin PBXResourcesBuildPhase section */
		D42561102ADAB020000AD80E /* Resources */ = {
			isa = PBXResourcesBuildPhase;
			buildActionMask = 2147483647;
			files = (
				D42561252ADAB022000AD80E /* LaunchScreen.storyboard in Resources */,
				D42561222ADAB022000AD80E /* Assets.xcassets in Resources */,
				D425611D2ADAB020000AD80E /* Main.storyboard in Resources */,
			);
			runOnlyForDeploymentPostprocessing = 0;
		};
/* End PBXResourcesBuildPhase section */

/* Begin PBXSourcesBuildPhase section */
		D425610E2ADAB020000AD80E /* Sources */ = {
			isa = PBXSourcesBuildPhase;
			buildActionMask = 2147483647;
			files = (
				D425611A2ADAB020000AD80E /* CategoryViewController.swift in Sources */,
				D425613C2ADAB685000AD80E /* ItemController.swift in Sources */,
				D42561202ADAB020000AD80E /* Habit_Tracker.xcdatamodeld in Sources */,
				D4538F062ADEB0E100698752 /* AddController.swift in Sources */,
				D42561162ADAB020000AD80E /* AppDelegate.swift in Sources */,
				D42561182ADAB020000AD80E /* SceneDelegate.swift in Sources */,
			);
			runOnlyForDeploymentPostprocessing = 0;
		};
/* End PBXSourcesBuildPhase section */

/* Begin PBXVariantGroup section */
		D425611B2ADAB020000AD80E /* Main.storyboard */ = {
			isa = PBXVariantGroup;
			children = (
				D425611C2ADAB020000AD80E /* Base */,
			);
			name = Main.storyboard;
			sourceTree = "<group>";
		};
		D42561232ADAB022000AD80E /* LaunchScreen.storyboard */ = {
			isa = PBXVariantGroup;
			children = (
				D42561242ADAB022000AD80E /* Base */,
			);
			name = LaunchScreen.storyboard;
			sourceTree = "<group>";
		};
/* End PBXVariantGroup section */

/* Begin XCBuildConfiguration section */
		D42561272ADAB022000AD80E /* Debug */ = {
			isa = XCBuildConfiguration;
			buildSettings = {
				ALWAYS_SEARCH_USER_PATHS = NO;
				ASSETCATALOG_COMPILER_GENERATE_SWIFT_ASSET_SYMBOL_EXTENSIONS = YES;
				CLANG_ANALYZER_NONNULL = YES;
				CLANG_ANALYZER_NUMBER_OBJECT_CONVERSION = YES_AGGRESSIVE;
				CLANG_CXX_LANGUAGE_STANDARD = "gnu++20";
				CLANG_ENABLE_MODULES = YES;
				CLANG_ENABLE_OBJC_ARC = YES;
				CLANG_ENABLE_OBJC_WEAK = YES;
				CLANG_WARN_BLOCK_CAPTURE_AUTORELEASING = YES;
				CLANG_WARN_BOOL_CONVERSION = YES;
				CLANG_WARN_COMMA = YES;
				CLANG_WARN_CONSTANT_CONVERSION = YES;
				CLANG_WARN_DEPRECATED_OBJC_IMPLEMENTATIONS = YES;
				CLANG_WARN_DIRECT_OBJC_ISA_USAGE = YES_ERROR;
				CLANG_WARN_DOCUMENTATION_COMMENTS = YES;
				CLANG_WARN_EMPTY_BODY = YES;
				CLANG_WARN_ENUM_CONVERSION = YES;
				CLANG_WARN_INFINITE_RECURSION = YES;
				CLANG_WARN_INT_CONVERSION = YES;
				CLANG_WARN_NON_LITERAL_NULL_CONVERSION = YES;
				CLANG_WARN_OBJC_IMPLICIT_RETAIN_SELF = YES;
				CLANG_WARN_OBJC_LITERAL_CONVERSION = YES;
				CLANG_WARN_OBJC_ROOT_CLASS = YES_ERROR;
				CLANG_WARN_QUOTED_INCLUDE_IN_FRAMEWORK_HEADER = YES;
				CLANG_WARN_RANGE_LOOP_ANALYSIS = YES;
				CLANG_WARN_STRICT_PROTOTYPES = YES;
				CLANG_WARN_SUSPICIOUS_MOVE = YES;
				CLANG_WARN_UNGUARDED_AVAILABILITY = YES_AGGRESSIVE;
				CLANG_WARN_UNREACHABLE_CODE = YES;
				CLANG_WARN__DUPLICATE_METHOD_MATCH = YES;
				COPY_PHASE_STRIP = NO;
				DEBUG_INFORMATION_FORMAT = dwarf;
				ENABLE_STRICT_OBJC_MSGSEND = YES;
				ENABLE_TESTABILITY = YES;
				ENABLE_USER_SCRIPT_SANDBOXING = YES;
				GCC_C_LANGUAGE_STANDARD = gnu17;
				GCC_DYNAMIC_NO_PIC = NO;
				GCC_NO_COMMON_BLOCKS = YES;
				GCC_OPTIMIZATION_LEVEL = 0;
				GCC_PREPROCESSOR_DEFINITIONS = (
					"DEBUG=1",
					"$(inherited)",
				);
				GCC_WARN_64_TO_32_BIT_CONVERSION = YES;
				GCC_WARN_ABOUT_RETURN_TYPE = YES_ERROR;
				GCC_WARN_UNDECLARED_SELECTOR = YES;
				GCC_WARN_UNINITIALIZED_AUTOS = YES_AGGRESSIVE;
				GCC_WARN_UNUSED_FUNCTION = YES;
				GCC_WARN_UNUSED_VARIABLE = YES;
				IPHONEOS_DEPLOYMENT_TARGET = 17.0;
				LOCALIZATION_PREFERS_STRING_CATALOGS = YES;
				MTL_ENABLE_DEBUG_INFO = INCLUDE_SOURCE;
				MTL_FAST_MATH = YES;
				ONLY_ACTIVE_ARCH = YES;
				SDKROOT = iphoneos;
				SWIFT_ACTIVE_COMPILATION_CONDITIONS = "DEBUG $(inherited)";
				SWIFT_OPTIMIZATION_LEVEL = "-Onone";
			};
			name = Debug;
		};
		D42561282ADAB022000AD80E /* Release */ = {
			isa = XCBuildConfiguration;
			buildSettings = {
				ALWAYS_SEARCH_USER_PATHS = NO;
				ASSETCATALOG_COMPILER_GENERATE_SWIFT_ASSET_SYMBOL_EXTENSIONS = YES;
				CLANG_ANALYZER_NONNULL = YES;
				CLANG_ANALYZER_NUMBER_OBJECT_CONVERSION = YES_AGGRESSIVE;
				CLANG_CXX_LANGUAGE_STANDARD = "gnu++20";
				CLANG_ENABLE_MODULES = YES;
				CLANG_ENABLE_OBJC_ARC = YES;
				CLANG_ENABLE_OBJC_WEAK = YES;
				CLANG_WARN_BLOCK_CAPTURE_AUTORELEASING = YES;
				CLANG_WARN_BOOL_CONVERSION = YES;
				CLANG_WARN_COMMA = YES;
				CLANG_WARN_CONSTANT_CONVERSION = YES;
				CLANG_WARN_DEPRECATED_OBJC_IMPLEMENTATIONS = YES;
				CLANG_WARN_DIRECT_OBJC_ISA_USAGE = YES_ERROR;
				CLANG_WARN_DOCUMENTATION_COMMENTS = YES;
				CLANG_WARN_EMPTY_BODY = YES;
				CLANG_WARN_ENUM_CONVERSION = YES;
				CLANG_WARN_INFINITE_RECURSION = YES;
				CLANG_WARN_INT_CONVERSION = YES;
				CLANG_WARN_NON_LITERAL_NULL_CONVERSION = YES;
				CLANG_WARN_OBJC_IMPLICIT_RETAIN_SELF = YES;
				CLANG_WARN_OBJC_LITERAL_CONVERSION = YES;
				CLANG_WARN_OBJC_ROOT_CLASS = YES_ERROR;
				CLANG_WARN_QUOTED_INCLUDE_IN_FRAMEWORK_HEADER = YES;
				CLANG_WARN_RANGE_LOOP_ANALYSIS = YES;
				CLANG_WARN_STRICT_PROTOTYPES = YES;
				CLANG_WARN_SUSPICIOUS_MOVE = YES;
				CLANG_WARN_UNGUARDED_AVAILABILITY = YES_AGGRESSIVE;
				CLANG_WARN_UNREACHABLE_CODE = YES;
				CLANG_WARN__DUPLICATE_METHOD_MATCH = YES;
				COPY_PHASE_STRIP = NO;
				DEBUG_INFORMATION_FORMAT = "dwarf-with-dsym";
				ENABLE_NS_ASSERTIONS = NO;
				ENABLE_STRICT_OBJC_MSGSEND = YES;
				ENABLE_USER_SCRIPT_SANDBOXING = YES;
				GCC_C_LANGUAGE_STANDARD = gnu17;
				GCC_NO_COMMON_BLOCKS = YES;
				GCC_WARN_64_TO_32_BIT_CONVERSION = YES;
				GCC_WARN_ABOUT_RETURN_TYPE = YES_ERROR;
				GCC_WARN_UNDECLARED_SELECTOR = YES;
				GCC_WARN_UNINITIALIZED_AUTOS = YES_AGGRESSIVE;
				GCC_WARN_UNUSED_FUNCTION = YES;
				GCC_WARN_UNUSED_VARIABLE = YES;
				IPHONEOS_DEPLOYMENT_TARGET = 17.0;
				LOCALIZATION_PREFERS_STRING_CATALOGS = YES;
				MTL_ENABLE_DEBUG_INFO = NO;
				MTL_FAST_MATH = YES;
				SDKROOT = iphoneos;
				SWIFT_COMPILATION_MODE = wholemodule;
				VALIDATE_PRODUCT = YES;
			};
			name = Release;
		};
		D425612A2ADAB022000AD80E /* Debug */ = {
			isa = XCBuildConfiguration;
			buildSettings = {
				ASSETCATALOG_COMPILER_APPICON_NAME = AppIcon;
				ASSETCATALOG_COMPILER_GLOBAL_ACCENT_COLOR_NAME = AccentColor;
				CODE_SIGN_STYLE = Automatic;
				CURRENT_PROJECT_VERSION = 1;
				DEVELOPMENT_TEAM = 7G2XL65W3G;
				GENERATE_INFOPLIST_FILE = YES;
				INFOPLIST_FILE = "Habit Tracker/Info.plist";
				INFOPLIST_KEY_UIApplicationSupportsIndirectInputEvents = YES;
				INFOPLIST_KEY_UILaunchStoryboardName = LaunchScreen;
				INFOPLIST_KEY_UIMainStoryboardFile = Main;
				INFOPLIST_KEY_UISupportedInterfaceOrientations_iPad = "UIInterfaceOrientationPortrait UIInterfaceOrientationPortraitUpsideDown UIInterfaceOrientationLandscapeLeft UIInterfaceOrientationLandscapeRight";
				INFOPLIST_KEY_UISupportedInterfaceOrientations_iPhone = "UIInterfaceOrientationPortrait UIInterfaceOrientationLandscapeLeft UIInterfaceOrientationLandscapeRight";
				LD_RUNPATH_SEARCH_PATHS = (
					"$(inherited)",
					"@executable_path/Frameworks",
				);
				MARKETING_VERSION = 1.0;
				PRODUCT_BUNDLE_IDENTIFIER = "com.dennis-muenchow.Habit-Tracker";
				PRODUCT_NAME = "$(TARGET_NAME)";
				SWIFT_EMIT_LOC_STRINGS = YES;
				SWIFT_VERSION = 5.0;
				TARGETED_DEVICE_FAMILY = "1,2";
			};
			name = Debug;
		};
		D425612B2ADAB022000AD80E /* Release */ = {
			isa = XCBuildConfiguration;
			buildSettings = {
				ASSETCATALOG_COMPILER_APPICON_NAME = AppIcon;
				ASSETCATALOG_COMPILER_GLOBAL_ACCENT_COLOR_NAME = AccentColor;
				CODE_SIGN_STYLE = Automatic;
				CURRENT_PROJECT_VERSION = 1;
				DEVELOPMENT_TEAM = 7G2XL65W3G;
				GENERATE_INFOPLIST_FILE = YES;
				INFOPLIST_FILE = "Habit Tracker/Info.plist";
				INFOPLIST_KEY_UIApplicationSupportsIndirectInputEvents = YES;
				INFOPLIST_KEY_UILaunchStoryboardName = LaunchScreen;
				INFOPLIST_KEY_UIMainStoryboardFile = Main;
				INFOPLIST_KEY_UISupportedInterfaceOrientations_iPad = "UIInterfaceOrientationPortrait UIInterfaceOrientationPortraitUpsideDown UIInterfaceOrientationLandscapeLeft UIInterfaceOrientationLandscapeRight";
				INFOPLIST_KEY_UISupportedInterfaceOrientations_iPhone = "UIInterfaceOrientationPortrait UIInterfaceOrientationLandscapeLeft UIInterfaceOrientationLandscapeRight";
				LD_RUNPATH_SEARCH_PATHS = (
					"$(inherited)",
					"@executable_path/Frameworks",
				);
				MARKETING_VERSION = 1.0;
				PRODUCT_BUNDLE_IDENTIFIER = "com.dennis-muenchow.Habit-Tracker";
				PRODUCT_NAME = "$(TARGET_NAME)";
				SWIFT_EMIT_LOC_STRINGS = YES;
				SWIFT_VERSION = 5.0;
				TARGETED_DEVICE_FAMILY = "1,2";
			};
			name = Release;
		};
/* End XCBuildConfiguration section */

/* Begin XCConfigurationList section */
		D425610D2ADAB020000AD80E /* Build configuration list for PBXProject "Habit Tracker" */ = {
			isa = XCConfigurationList;
			buildConfigurations = (
				D42561272ADAB022000AD80E /* Debug */,
				D42561282ADAB022000AD80E /* Release */,
			);
			defaultConfigurationIsVisible = 0;
			defaultConfigurationName = Release;
		};
		D42561292ADAB022000AD80E /* Build configuration list for PBXNativeTarget "Habit Tracker" */ = {
			isa = XCConfigurationList;
			buildConfigurations = (
				D425612A2ADAB022000AD80E /* Debug */,
				D425612B2ADAB022000AD80E /* Release */,
			);
			defaultConfigurationIsVisible = 0;
			defaultConfigurationName = Release;
		};
/* End XCConfigurationList section */

/* Begin XCVersionGroup section */
		D425611E2ADAB020000AD80E /* Habit_Tracker.xcdatamodeld */ = {
			isa = XCVersionGroup;
			children = (
				D425611F2ADAB020000AD80E /* Habit_Tracker.xcdatamodel */,
			);
			currentVersion = D425611F2ADAB020000AD80E /* Habit_Tracker.xcdatamodel */;
			path = Habit_Tracker.xcdatamodeld;
			sourceTree = "<group>";
			versionGroupType = wrapper.xcdatamodel;
		};
/* End XCVersionGroup section */
	};
	rootObject = D425610A2ADAB020000AD80E /* Project object */;
}
